
Microsoft Visual Studio Solution File, Format Version 12.00
# Visual Studio Version 17
VisualStudioVersion = 17.14.36401.2 d17.14
MinimumVisualStudioVersion = 10.0.40219.1
Project("{FAE04EC0-301F-11D3-BF4B-00C04F79EFBC}") = "FoodyAPI", "FoodyAPI.csproj", "{ADE3CC62-47E9-4C23-BF7B-A4CD416FB46D}"
EndProject
Global
	GlobalSection(SolutionConfigurationPlatforms) = preSolution
		Debug|Any CPU = Debug|Any CPU
		Release|Any CPU = Release|Any CPU
	EndGlobalSection
	GlobalSection(ProjectConfigurationPlatforms) = postSolution
		{ADE3CC62-47E9-4C23-BF7B-A4CD416FB46D}.Debug|Any CPU.ActiveCfg = Debug|Any CPU
		{ADE3CC62-47E9-4C23-BF7B-A4CD416FB46D}.Debug|Any CPU.Build.0 = Debug|Any CPU
		{ADE3CC62-47E9-4C23-BF7B-A4CD416FB46D}.Release|Any CPU.ActiveCfg = Release|Any CPU
		{ADE3CC62-47E9-4C23-BF7B-A4CD416FB46D}.Release|Any CPU.Build.0 = Release|Any CPU
	EndGlobalSection
	GlobalSection(SolutionProperties) = preSolution
		HideSolutionNode = FALSE
	EndGlobalSection
	GlobalSection(ExtensibilityGlobals) = postSolution
		SolutionGuid = {25AD148D-9257-48B6-9447-34BCD3B3AD15}
	EndGlobalSection
EndGlobal
